
Microsoft Visual Studio Solution File, Format Version 12.00
# Visual Studio Version 17
VisualStudioVersion = 17.5.33414.496
MinimumVisualStudioVersion = 10.0.40219.1
Project("{9A19103F-16F7-4668-BE54-9A1E7A4F7556}") = "API", "API\API.csproj", "{061958E1-C359-4909-882C-24A6F6C53BEA}"
EndProject
Project("{9A19103F-16F7-4668-BE54-9A1E7A4F7556}") = "Logic", "Logic\Logic.csproj", "{4C1003A3-74BF-4F4D-A7DA-CD354C1054E3}"
EndProject
Project("{9A19103F-16F7-4668-BE54-9A1E7A4F7556}") = "DAL", "DAL\DAL.csproj", "{E80988E3-FFCB-4E09-A085-11986F4ABD1A}"
EndProject
Project("{9A19103F-16F7-4668-BE54-9A1E7A4F7556}") = "UnitTests", "LogicTests\UnitTests.csproj", "{DD1185D0-B8AB-43FE-AAE7-78A6B3E1F99A}"
EndProject
Project("{FAE04EC0-301F-11D3-BF4B-00C04F79EFBC}") = "IntegrationTests", "IntegrationTests\IntegrationTests.csproj", "{BD7DFD98-0592-46A1-B057-82768B09C4BD}"
EndProject
Global
	GlobalSection(SolutionConfigurationPlatforms) = preSolution
		Debug|Any CPU = Debug|Any CPU
		Release|Any CPU = Release|Any CPU
	EndGlobalSection
	GlobalSection(ProjectConfigurationPlatforms) = postSolution
		{061958E1-C359-4909-882C-24A6F6C53BEA}.Debug|Any CPU.ActiveCfg = Debug|Any CPU
		{061958E1-C359-4909-882C-24A6F6C53BEA}.Debug|Any CPU.Build.0 = Debug|Any CPU
		{061958E1-C359-4909-882C-24A6F6C53BEA}.Release|Any CPU.ActiveCfg = Release|Any CPU
		{061958E1-C359-4909-882C-24A6F6C53BEA}.Release|Any CPU.Build.0 = Release|Any CPU
		{4C1003A3-74BF-4F4D-A7DA-CD354C1054E3}.Debug|Any CPU.ActiveCfg = Debug|Any CPU
		{4C1003A3-74BF-4F4D-A7DA-CD354C1054E3}.Debug|Any CPU.Build.0 = Debug|Any CPU
		{4C1003A3-74BF-4F4D-A7DA-CD354C1054E3}.Release|Any CPU.ActiveCfg = Release|Any CPU
		{4C1003A3-74BF-4F4D-A7DA-CD354C1054E3}.Release|Any CPU.Build.0 = Release|Any CPU
		{E80988E3-FFCB-4E09-A085-11986F4ABD1A}.Debug|Any CPU.ActiveCfg = Debug|Any CPU
		{E80988E3-FFCB-4E09-A085-11986F4ABD1A}.Debug|Any CPU.Build.0 = Debug|Any CPU
		{E80988E3-FFCB-4E09-A085-11986F4ABD1A}.Release|Any CPU.ActiveCfg = Release|Any CPU
		{E80988E3-FFCB-4E09-A085-11986F4ABD1A}.Release|Any CPU.Build.0 = Release|Any CPU
		{DD1185D0-B8AB-43FE-AAE7-78A6B3E1F99A}.Debug|Any CPU.ActiveCfg = Debug|Any CPU
		{DD1185D0-B8AB-43FE-AAE7-78A6B3E1F99A}.Debug|Any CPU.Build.0 = Debug|Any CPU
		{DD1185D0-B8AB-43FE-AAE7-78A6B3E1F99A}.Release|Any CPU.ActiveCfg = Release|Any CPU
		{DD1185D0-B8AB-43FE-AAE7-78A6B3E1F99A}.Release|Any CPU.Build.0 = Release|Any CPU
		{BD7DFD98-0592-46A1-B057-82768B09C4BD}.Debug|Any CPU.ActiveCfg = Debug|Any CPU
		{BD7DFD98-0592-46A1-B057-82768B09C4BD}.Debug|Any CPU.Build.0 = Debug|Any CPU
		{BD7DFD98-0592-46A1-B057-82768B09C4BD}.Release|Any CPU.ActiveCfg = Release|Any CPU
		{BD7DFD98-0592-46A1-B057-82768B09C4BD}.Release|Any CPU.Build.0 = Release|Any CPU
	EndGlobalSection
	GlobalSection(SolutionProperties) = preSolution
		HideSolutionNode = FALSE
	EndGlobalSection
	GlobalSection(ExtensibilityGlobals) = postSolution
		SolutionGuid = {F357F34B-74EC-462A-B65E-B54B657F3661}
	EndGlobalSection
EndGlobal
